// !$*UTF8*$!
{
	archiveVersion = 1;
	classes = {
	};
	objectVersion = 56;
	objects = {

/* Begin PBXBuildFile section */
		84A1E9FE29DAEB5A00888C39 /* AppDelegate.swift in Sources */ = {isa = PBXBuildFile; fileRef = 84A1E9FD29DAEB5A00888C39 /* AppDelegate.swift */; };
		84A1EA0029DAEB5A00888C39 /* ViewController.swift in Sources */ = {isa = PBXBuildFile; fileRef = 84A1E9FF29DAEB5A00888C39 /* ViewController.swift */; };
		84A1EA0229DAEB5A00888C39 /* Experience.rcproject in Sources */ = {isa = PBXBuildFile; fileRef = 84A1EA0129DAEB5A00888C39 /* Experience.rcproject */; };
		84A1EA0529DAEB5A00888C39 /* Main.storyboard in Resources */ = {isa = PBXBuildFile; fileRef = 84A1EA0329DAEB5A00888C39 /* Main.storyboard */; };
		84A1EA0729DAEB5B00888C39 /* Assets.xcassets in Resources */ = {isa = PBXBuildFile; fileRef = 84A1EA0629DAEB5B00888C39 /* Assets.xcassets */; };
		84A1EA0A29DAEB5B00888C39 /* LaunchScreen.storyboard in Resources */ = {isa = PBXBuildFile; fileRef = 84A1EA0829DAEB5B00888C39 /* LaunchScreen.storyboard */; };
		84A1EA1129DAEBE000888C39 /* ObjectScanner.swift in Sources */ = {isa = PBXBuildFile; fileRef = 84A1EA1029DAEBE000888C39 /* ObjectScanner.swift */; };
		84A1EA1329DAEBFD00888C39 /* Extension.swift in Sources */ = {isa = PBXBuildFile; fileRef = 84A1EA1229DAEBFD00888C39 /* Extension.swift */; };
		84A1EA1529DB0DC500888C39 /* Scene.swift in Sources */ = {isa = PBXBuildFile; fileRef = 84A1EA1429DB0DC500888C39 /* Scene.swift */; };
		84A1EA1929DB240600888C39 /* ModelIO.framework in Frameworks */ = {isa = PBXBuildFile; fileRef = 84A1EA1729DB238800888C39 /* ModelIO.framework */; };
		84A1EA1F29DCB5AB00888C39 /* RealityKit.framework in Frameworks */ = {isa = PBXBuildFile; fileRef = 84A1EA1E29DCB5AB00888C39 /* RealityKit.framework */; };
/* End PBXBuildFile section */

/* Begin PBXFileReference section */
		84A1E9FA29DAEB5A00888C39 /* maXY.app */ = {isa = PBXFileReference; explicitFileType = wrapper.application; includeInIndex = 0; path = maXY.app; sourceTree = BUILT_PRODUCTS_DIR; };
		84A1E9FD29DAEB5A00888C39 /* AppDelegate.swift */ = {isa = PBXFileReference; lastKnownFileType = sourcecode.swift; path = AppDelegate.swift; sourceTree = "<group>"; };
		84A1E9FF29DAEB5A00888C39 /* ViewController.swift */ = {isa = PBXFileReference; lastKnownFileType = sourcecode.swift; path = ViewController.swift; sourceTree = "<group>"; };
		84A1EA0129DAEB5A00888C39 /* Experience.rcproject */ = {isa = PBXFileReference; lastKnownFileType = file.rcproject; path = Experience.rcproject; sourceTree = "<group>"; };
		84A1EA0429DAEB5A00888C39 /* Base */ = {isa = PBXFileReference; lastKnownFileType = file.storyboard; name = Base; path = Base.lproj/Main.storyboard; sourceTree = "<group>"; };
		84A1EA0629DAEB5B00888C39 /* Assets.xcassets */ = {isa = PBXFileReference; lastKnownFileType = folder.assetcatalog; path = Assets.xcassets; sourceTree = "<group>"; };
		84A1EA0929DAEB5B00888C39 /* Base */ = {isa = PBXFileReference; lastKnownFileType = file.storyboard; name = Base; path = Base.lproj/LaunchScreen.storyboard; sourceTree = "<group>"; };
		84A1EA1029DAEBE000888C39 /* ObjectScanner.swift */ = {isa = PBXFileReference; lastKnownFileType = sourcecode.swift; path = ObjectScanner.swift; sourceTree = "<group>"; };
		84A1EA1229DAEBFD00888C39 /* Extension.swift */ = {isa = PBXFileReference; lastKnownFileType = sourcecode.swift; path = Extension.swift; sourceTree = "<group>"; };
		84A1EA1429DB0DC500888C39 /* Scene.swift */ = {isa = PBXFileReference; lastKnownFileType = sourcecode.swift; path = Scene.swift; sourceTree = "<group>"; };
		84A1EA1729DB238800888C39 /* ModelIO.framework */ = {isa = PBXFileReference; lastKnownFileType = wrapper.framework; name = ModelIO.framework; path = System/Library/Frameworks/ModelIO.framework; sourceTree = SDKROOT; };
		84A1EA1E29DCB5AB00888C39 /* RealityKit.framework */ = {isa = PBXFileReference; lastKnownFileType = wrapper.framework; name = RealityKit.framework; path = System/Library/Frameworks/RealityKit.framework; sourceTree = SDKROOT; };
/* End PBXFileReference section */

/* Begin PBXFrameworksBuildPhase section */
		84A1E9F729DAEB5A00888C39 /* Frameworks */ = {
			isa = PBXFrameworksBuildPhase;
			buildActionMask = 2147483647;
			files = (
				84A1EA1F29DCB5AB00888C39 /* RealityKit.framework in Frameworks */,
				84A1EA1929DB240600888C39 /* ModelIO.framework in Frameworks */,
			);
			runOnlyForDeploymentPostprocessing = 0;
		};
/* End PBXFrameworksBuildPhase section */

/* Begin PBXGroup section */
		84A1E9F129DAEB5A00888C39 = {
			isa = PBXGroup;
			children = (
				84A1E9FC29DAEB5A00888C39 /* maXY */,
				84A1E9FB29DAEB5A00888C39 /* Products */,
				84A1EA1629DB238800888C39 /* Frameworks */,
			);
			sourceTree = "<group>";
		};
		84A1E9FB29DAEB5A00888C39 /* Products */ = {
			isa = PBXGroup;
			children = (
				84A1E9FA29DAEB5A00888C39 /* maXY.app */,
			);
			name = Products;
			sourceTree = "<group>";
		};
		84A1E9FC29DAEB5A00888C39 /* maXY */ = {
			isa = PBXGroup;
			children = (
				84A1E9FD29DAEB5A00888C39 /* AppDelegate.swift */,
				84A1E9FF29DAEB5A00888C39 /* ViewController.swift */,
				84A1EA1029DAEBE000888C39 /* ObjectScanner.swift */,
				84A1EA1229DAEBFD00888C39 /* Extension.swift */,
				84A1EA1429DB0DC500888C39 /* Scene.swift */,
				84A1EA0129DAEB5A00888C39 /* Experience.rcproject */,
				84A1EA0329DAEB5A00888C39 /* Main.storyboard */,
				84A1EA0629DAEB5B00888C39 /* Assets.xcassets */,
				84A1EA0829DAEB5B00888C39 /* LaunchScreen.storyboard */,
			);
			path = maXY;
			sourceTree = "<group>";
		};
		84A1EA1629DB238800888C39 /* Frameworks */ = {
			isa = PBXGroup;
			children = (
				84A1EA1E29DCB5AB00888C39 /* RealityKit.framework */,
				84A1EA1729DB238800888C39 /* ModelIO.framework */,
			);
			name = Frameworks;
			sourceTree = "<group>";
		};
/* End PBXGroup section */

/* Begin PBXNativeTarget section */
		84A1E9F929DAEB5A00888C39 /* maXY */ = {
			isa = PBXNativeTarget;
			buildConfigurationList = 84A1EA0D29DAEB5B00888C39 /* Build configuration list for PBXNativeTarget "maXY" */;
			buildPhases = (
				84A1E9F629DAEB5A00888C39 /* Sources */,
				84A1E9F729DAEB5A00888C39 /* Frameworks */,
				84A1E9F829DAEB5A00888C39 /* Resources */,
			);
			buildRules = (
			);
			dependencies = (
			);
			name = maXY;
			productName = maXY;
			productReference = 84A1E9FA29DAEB5A00888C39 /* maXY.app */;
			productType = "com.apple.product-type.application";
		};
/* End PBXNativeTarget section */

/* Begin PBXProject section */
		84A1E9F229DAEB5A00888C39 /* Project object */ = {
			isa = PBXProject;
			attributes = {
				BuildIndependentTargetsInParallel = 1;
				LastSwiftUpdateCheck = 1420;
				LastUpgradeCheck = 1420;
				TargetAttributes = {
					84A1E9F929DAEB5A00888C39 = {
						CreatedOnToolsVersion = 14.2;
					};
				};
			};
			buildConfigurationList = 84A1E9F529DAEB5A00888C39 /* Build configuration list for PBXProject "maXY" */;
			compatibilityVersion = "Xcode 14.0";
			developmentRegion = en;
			hasScannedForEncodings = 0;
			knownRegions = (
				en,
				Base,
			);
			mainGroup = 84A1E9F129DAEB5A00888C39;
			productRefGroup = 84A1E9FB29DAEB5A00888C39 /* Products */;
			projectDirPath = "";
			projectRoot = "";
			targets = (
				84A1E9F929DAEB5A00888C39 /* maXY */,
			);
		};
/* End PBXProject section */

/* Begin PBXResourcesBuildPhase section */
		84A1E9F829DAEB5A00888C39 /* Resources */ = {
			isa = PBXResourcesBuildPhase;
			buildActionMask = 2147483647;
			files = (
				84A1EA0A29DAEB5B00888C39 /* LaunchScreen.storyboard in Resources */,
				84A1EA0729DAEB5B00888C39 /* Assets.xcassets in Resources */,
				84A1EA0529DAEB5A00888C39 /* Main.storyboard in Resources */,
			);
			runOnlyForDeploymentPostprocessing = 0;
		};
/* End PBXResourcesBuildPhase section */

/* Begin PBXSourcesBuildPhase section */
		84A1E9F629DAEB5A00888C39 /* Sources */ = {
			isa = PBXSourcesBuildPhase;
			buildActionMask = 2147483647;
			files = (
				84A1EA1329DAEBFD00888C39 /* Extension.swift in Sources */,
				84A1EA0029DAEB5A00888C39 /* ViewController.swift in Sources */,
				84A1EA1529DB0DC500888C39 /* Scene.swift in Sources */,
				84A1E9FE29DAEB5A00888C39 /* AppDelegate.swift in Sources */,
				84A1EA0229DAEB5A00888C39 /* Experience.rcproject in Sources */,
				84A1EA1129DAEBE000888C39 /* ObjectScanner.swift in Sources */,
			);
			runOnlyForDeploymentPostprocessing = 0;
		};
/* End PBXSourcesBuildPhase section */

/* Begin PBXVariantGroup section */
		84A1EA0329DAEB5A00888C39 /* Main.storyboard */ = {
			isa = PBXVariantGroup;
			children = (
				84A1EA0429DAEB5A00888C39 /* Base */,
			);
			name = Main.storyboard;
			sourceTree = "<group>";
		};
		84A1EA0829DAEB5B00888C39 /* LaunchScreen.storyboard */ = {
			isa = PBXVariantGroup;
			children = (
				84A1EA0929DAEB5B00888C39 /* Base */,
			);
			name = LaunchScreen.storyboard;
			sourceTree = "<group>";
		};
/* End PBXVariantGroup section */

/* Begin XCBuildConfiguration section */
		84A1EA0B29DAEB5B00888C39 /* Debug */ = {
			isa = XCBuildConfiguration;
			buildSettings = {
				ALWAYS_SEARCH_USER_PATHS = NO;
				CLANG_ANALYZER_NONNULL = YES;
				CLANG_ANALYZER_NUMBER_OBJECT_CONVERSION = YES_AGGRESSIVE;
				CLANG_CXX_LANGUAGE_STANDARD = "gnu++20";
				CLANG_ENABLE_MODULES = YES;
				CLANG_ENABLE_OBJC_ARC = YES;
				CLANG_ENABLE_OBJC_WEAK = YES;
				CLANG_WARN_BLOCK_CAPTURE_AUTORELEASING = YES;
				CLANG_WARN_BOOL_CONVERSION = YES;
				CLANG_WARN_COMMA = YES;
				CLANG_WARN_CONSTANT_CONVERSION = YES;
				CLANG_WARN_DEPRECATED_OBJC_IMPLEMENTATIONS = YES;
				CLANG_WARN_DIRECT_OBJC_ISA_USAGE = YES_ERROR;
				CLANG_WARN_DOCUMENTATION_COMMENTS = YES;
				CLANG_WARN_EMPTY_BODY = YES;
				CLANG_WARN_ENUM_CONVERSION = YES;
				CLANG_WARN_INFINITE_RECURSION = YES;
				CLANG_WARN_INT_CONVERSION = YES;
				CLANG_WARN_NON_LITERAL_NULL_CONVERSION = YES;
				CLANG_WARN_OBJC_IMPLICIT_RETAIN_SELF = YES;
				CLANG_WARN_OBJC_LITERAL_CONVERSION = YES;
				CLANG_WARN_OBJC_ROOT_CLASS = YES_ERROR;
				CLANG_WARN_QUOTED_INCLUDE_IN_FRAMEWORK_HEADER = YES;
				CLANG_WARN_RANGE_LOOP_ANALYSIS = YES;
				CLANG_WARN_STRICT_PROTOTYPES = YES;
				CLANG_WARN_SUSPICIOUS_MOVE = YES;
				CLANG_WARN_UNGUARDED_AVAILABILITY = YES_AGGRESSIVE;
				CLANG_WARN_UNREACHABLE_CODE = YES;
				CLANG_WARN__DUPLICATE_METHOD_MATCH = YES;
				COPY_PHASE_STRIP = NO;
				DEBUG_INFORMATION_FORMAT = dwarf;
				ENABLE_STRICT_OBJC_MSGSEND = YES;
				ENABLE_TESTABILITY = YES;
				GCC_C_LANGUAGE_STANDARD = gnu11;
				GCC_DYNAMIC_NO_PIC = NO;
				GCC_NO_COMMON_BLOCKS = YES;
				GCC_OPTIMIZATION_LEVEL = 0;
				GCC_PREPROCESSOR_DEFINITIONS = (
					"DEBUG=1",
					"$(inherited)",
				);
				GCC_WARN_64_TO_32_BIT_CONVERSION = YES;
				GCC_WARN_ABOUT_RETURN_TYPE = YES_ERROR;
				GCC_WARN_UNDECLARED_SELECTOR = YES;
				GCC_WARN_UNINITIALIZED_AUTOS = YES_AGGRESSIVE;
				GCC_WARN_UNUSED_FUNCTION = YES;
				GCC_WARN_UNUSED_VARIABLE = YES;
				IPHONEOS_DEPLOYMENT_TARGET = 16.2;
				MTL_ENABLE_DEBUG_INFO = INCLUDE_SOURCE;
				MTL_FAST_MATH = YES;
				ONLY_ACTIVE_ARCH = YES;
				SDKROOT = iphoneos;
				SWIFT_ACTIVE_COMPILATION_CONDITIONS = DEBUG;
				SWIFT_OPTIMIZATION_LEVEL = "-Onone";
			};
			name = Debug;
		};
		84A1EA0C29DAEB5B00888C39 /* Release */ = {
			isa = XCBuildConfiguration;
			buildSettings = {
				ALWAYS_SEARCH_USER_PATHS = NO;
				CLANG_ANALYZER_NONNULL = YES;
				CLANG_ANALYZER_NUMBER_OBJECT_CONVERSION = YES_AGGRESSIVE;
				CLANG_CXX_LANGUAGE_STANDARD = "gnu++20";
				CLANG_ENABLE_MODULES = YES;
				CLANG_ENABLE_OBJC_ARC = YES;
				CLANG_ENABLE_OBJC_WEAK = YES;
				CLANG_WARN_BLOCK_CAPTURE_AUTORELEASING = YES;
				CLANG_WARN_BOOL_CONVERSION = YES;
				CLANG_WARN_COMMA = YES;
				CLANG_WARN_CONSTANT_CONVERSION = YES;
				CLANG_WARN_DEPRECATED_OBJC_IMPLEMENTATIONS = YES;
				CLANG_WARN_DIRECT_OBJC_ISA_USAGE = YES_ERROR;
				CLANG_WARN_DOCUMENTATION_COMMENTS = YES;
				CLANG_WARN_EMPTY_BODY = YES;
				CLANG_WARN_ENUM_CONVERSION = YES;
				CLANG_WARN_INFINITE_RECURSION = YES;
				CLANG_WARN_INT_CONVERSION = YES;
				CLANG_WARN_NON_LITERAL_NULL_CONVERSION = YES;
				CLANG_WARN_OBJC_IMPLICIT_RETAIN_SELF = YES;
				CLANG_WARN_OBJC_LITERAL_CONVERSION = YES;
				CLANG_WARN_OBJC_ROOT_CLASS = YES_ERROR;
				CLANG_WARN_QUOTED_INCLUDE_IN_FRAMEWORK_HEADER = YES;
				CLANG_WARN_RANGE_LOOP_ANALYSIS = YES;
				CLANG_WARN_STRICT_PROTOTYPES = YES;
				CLANG_WARN_SUSPICIOUS_MOVE = YES;
				CLANG_WARN_UNGUARDED_AVAILABILITY = YES_AGGRESSIVE;
				CLANG_WARN_UNREACHABLE_CODE = YES;
				CLANG_WARN__DUPLICATE_METHOD_MATCH = YES;
				COPY_PHASE_STRIP = NO;
				DEBUG_INFORMATION_FORMAT = "dwarf-with-dsym";
				ENABLE_NS_ASSERTIONS = NO;
				ENABLE_STRICT_OBJC_MSGSEND = YES;
				GCC_C_LANGUAGE_STANDARD = gnu11;
				GCC_NO_COMMON_BLOCKS = YES;
				GCC_WARN_64_TO_32_BIT_CONVERSION = YES;
				GCC_WARN_ABOUT_RETURN_TYPE = YES_ERROR;
				GCC_WARN_UNDECLARED_SELECTOR = YES;
				GCC_WARN_UNINITIALIZED_AUTOS = YES_AGGRESSIVE;
				GCC_WARN_UNUSED_FUNCTION = YES;
				GCC_WARN_UNUSED_VARIABLE = YES;
				IPHONEOS_DEPLOYMENT_TARGET = 16.2;
				MTL_ENABLE_DEBUG_INFO = NO;
				MTL_FAST_MATH = YES;
				SDKROOT = iphoneos;
				SWIFT_COMPILATION_MODE = wholemodule;
				SWIFT_OPTIMIZATION_LEVEL = "-O";
				VALIDATE_PRODUCT = YES;
			};
			name = Release;
		};
		84A1EA0E29DAEB5B00888C39 /* Debug */ = {
			isa = XCBuildConfiguration;
			buildSettings = {
				ASSETCATALOG_COMPILER_APPICON_NAME = AppIcon;
				"ASSETCATALOG_COMPILER_APPICON_NAME[sdk=iphoneos*]" = AppIcon;
				ASSETCATALOG_COMPILER_GLOBAL_ACCENT_COLOR_NAME = AccentColor;
				CODE_SIGN_IDENTITY = "Apple Development";
				CODE_SIGN_STYLE = Automatic;
				CURRENT_PROJECT_VERSION = 1;
				DEVELOPMENT_TEAM = FA636RLHJ6;
				GENERATE_INFOPLIST_FILE = YES;
				INFOPLIST_KEY_NSCameraUsageDescription = "";
				INFOPLIST_KEY_UIApplicationSupportsIndirectInputEvents = YES;
				INFOPLIST_KEY_UILaunchStoryboardName = LaunchScreen;
				INFOPLIST_KEY_UIMainStoryboardFile = Main;
				INFOPLIST_KEY_UIRequiredDeviceCapabilities = arkit;
				INFOPLIST_KEY_UIStatusBarHidden = YES;
				INFOPLIST_KEY_UISupportedInterfaceOrientations_iPad = "UIInterfaceOrientationPortrait UIInterfaceOrientationPortraitUpsideDown UIInterfaceOrientationLandscapeLeft UIInterfaceOrientationLandscapeRight";
				INFOPLIST_KEY_UISupportedInterfaceOrientations_iPhone = "UIInterfaceOrientationPortrait UIInterfaceOrientationLandscapeLeft UIInterfaceOrientationLandscapeRight";
				LD_RUNPATH_SEARCH_PATHS = (
					"$(inherited)",
					"@executable_path/Frameworks",
				);
				MARKETING_VERSION = 1.0;
				PRODUCT_BUNDLE_IDENTIFIER = "it-lime.maXY";
				PRODUCT_NAME = "$(TARGET_NAME)";
				PROVISIONING_PROFILE_SPECIFIER = "";
				SWIFT_EMIT_LOC_STRINGS = YES;
				SWIFT_VERSION = 5.0;
				TARGETED_DEVICE_FAMILY = "1,2";
			};
			name = Debug;
		};
		84A1EA0F29DAEB5B00888C39 /* Release */ = {
			isa = XCBuildConfiguration;
			buildSettings = {
				ASSETCATALOG_COMPILER_APPICON_NAME = AppIcon;
				ASSETCATALOG_COMPILER_GLOBAL_ACCENT_COLOR_NAME = AccentColor;
				CODE_SIGN_IDENTITY = "Apple Development";
				CODE_SIGN_STYLE = Automatic;
				CURRENT_PROJECT_VERSION = 1;
				DEVELOPMENT_TEAM = FA636RLHJ6;
				GENERATE_INFOPLIST_FILE = YES;
				INFOPLIST_KEY_NSCameraUsageDescription = "";
				INFOPLIST_KEY_UIApplicationSupportsIndirectInputEvents = YES;
				INFOPLIST_KEY_UILaunchStoryboardName = LaunchScreen;
				INFOPLIST_KEY_UIMainStoryboardFile = Main;
				INFOPLIST_KEY_UIRequiredDeviceCapabilities = arkit;
				INFOPLIST_KEY_UIStatusBarHidden = YES;
				INFOPLIST_KEY_UISupportedInterfaceOrientations_iPad = "UIInterfaceOrientationPortrait UIInterfaceOrientationPortraitUpsideDown UIInterfaceOrientationLandscapeLeft UIInterfaceOrientationLandscapeRight";
				INFOPLIST_KEY_UISupportedInterfaceOrientations_iPhone = "UIInterfaceOrientationPortrait UIInterfaceOrientationLandscapeLeft UIInterfaceOrientationLandscapeRight";
				LD_RUNPATH_SEARCH_PATHS = (
					"$(inherited)",
					"@executable_path/Frameworks",
				);
				MARKETING_VERSION = 1.0;
				PRODUCT_BUNDLE_IDENTIFIER = "it-lime.maXY";
				PRODUCT_NAME = "$(TARGET_NAME)";
				PROVISIONING_PROFILE_SPECIFIER = "";
				SWIFT_EMIT_LOC_STRINGS = YES;
				SWIFT_VERSION = 5.0;
				TARGETED_DEVICE_FAMILY = "1,2";
			};
			name = Release;
		};
/* End XCBuildConfiguration section */

/* Begin XCConfigurationList section */
		84A1E9F529DAEB5A00888C39 /* Build configuration list for PBXProject "maXY" */ = {
			isa = XCConfigurationList;
			buildConfigurations = (
				84A1EA0B29DAEB5B00888C39 /* Debug */,
				84A1EA0C29DAEB5B00888C39 /* Release */,
			);
			defaultConfigurationIsVisible = 0;
			defaultConfigurationName = Release;
		};
		84A1EA0D29DAEB5B00888C39 /* Build configuration list for PBXNativeTarget "maXY" */ = {
			isa = XCConfigurationList;
			buildConfigurations = (
				84A1EA0E29DAEB5B00888C39 /* Debug */,
				84A1EA0F29DAEB5B00888C39 /* Release */,
			);
			defaultConfigurationIsVisible = 0;
			defaultConfigurationName = Release;
		};
/* End XCConfigurationList section */
	};
	rootObject = 84A1E9F229DAEB5A00888C39 /* Project object */;
}
